
Microsoft Visual Studio Solution File, Format Version 12.00
# Visual Studio 15
VisualStudioVersion = 15.0.28010.2026
MinimumVisualStudioVersion = 10.0.40219.1
Project("{FAE04EC0-301F-11D3-BF4B-00C04F79EFBC}") = "BIO_MONITORING", "BIO_MONITORING\BIO_MONITORING.csproj", "{0B6454ED-FF41-42EE-9C05-E6B749A67E3A}"
EndProject
Global
	GlobalSection(SolutionConfigurationPlatforms) = preSolution
		Debug|Any CPU = Debug|Any CPU
		Release|Any CPU = Release|Any CPU
	EndGlobalSection
	GlobalSection(ProjectConfigurationPlatforms) = postSolution
		{0B6454ED-FF41-42EE-9C05-E6B749A67E3A}.Debug|Any CPU.ActiveCfg = Debug|Any CPU
		{0B6454ED-FF41-42EE-9C05-E6B749A67E3A}.Debug|Any CPU.Build.0 = Debug|Any CPU
		{0B6454ED-FF41-42EE-9C05-E6B749A67E3A}.Release|Any CPU.ActiveCfg = Release|Any CPU
		{0B6454ED-FF41-42EE-9C05-E6B749A67E3A}.Release|Any CPU.Build.0 = Release|Any CPU
	EndGlobalSection
	GlobalSection(SolutionProperties) = preSolution
		HideSolutionNode = FALSE
	EndGlobalSection
	GlobalSection(ExtensibilityGlobals) = postSolution
		SolutionGuid = {1FDCA9DB-AF9C-4677-A03C-614969B532B9}
	EndGlobalSection
EndGlobal
